
Microsoft Visual Studio Solution File, Format Version 12.00
# Visual Studio Version 17
VisualStudioVersion = 17.7.34202.233
MinimumVisualStudioVersion = 10.0.40219.1
Project("{FAE04EC0-301F-11D3-BF4B-00C04F79EFBC}") = "MVVMXamarin.Android", "MVVMXamarin.Android\MVVMXamarin.Android.csproj", "{5951C79C-7D40-40F9-9D53-C762CC56A368}"
EndProject
Project("{FAE04EC0-301F-11D3-BF4B-00C04F79EFBC}") = "MVVMXamarin.iOS", "MVVMXamarin.iOS\MVVMXamarin.iOS.csproj", "{4A3945FF-74AE-4C59-A81F-7CBC10086991}"
EndProject
Project("{FAE04EC0-301F-11D3-BF4B-00C04F79EFBC}") = "MVVMXamarin", "MVVMXamarin\MVVMXamarin.csproj", "{EF95444D-824F-48B4-A096-3C30FF131B7B}"
EndProject
Global
	GlobalSection(SolutionConfigurationPlatforms) = preSolution
		Debug|Any CPU = Debug|Any CPU
		Debug|iPhone = Debug|iPhone
		Debug|iPhoneSimulator = Debug|iPhoneSimulator
		Release|Any CPU = Release|Any CPU
		Release|iPhone = Release|iPhone
		Release|iPhoneSimulator = Release|iPhoneSimulator
	EndGlobalSection
	GlobalSection(ProjectConfigurationPlatforms) = postSolution
		{5951C79C-7D40-40F9-9D53-C762CC56A368}.Debug|Any CPU.ActiveCfg = Debug|Any CPU
		{5951C79C-7D40-40F9-9D53-C762CC56A368}.Debug|Any CPU.Build.0 = Debug|Any CPU
		{5951C79C-7D40-40F9-9D53-C762CC56A368}.Debug|Any CPU.Deploy.0 = Debug|Any CPU
		{5951C79C-7D40-40F9-9D53-C762CC56A368}.Debug|iPhone.ActiveCfg = Debug|Any CPU
		{5951C79C-7D40-40F9-9D53-C762CC56A368}.Debug|iPhone.Build.0 = Debug|Any CPU
		{5951C79C-7D40-40F9-9D53-C762CC56A368}.Debug|iPhone.Deploy.0 = Debug|Any CPU
		{5951C79C-7D40-40F9-9D53-C762CC56A368}.Debug|iPhoneSimulator.ActiveCfg = Debug|Any CPU
		{5951C79C-7D40-40F9-9D53-C762CC56A368}.Debug|iPhoneSimulator.Build.0 = Debug|Any CPU
		{5951C79C-7D40-40F9-9D53-C762CC56A368}.Debug|iPhoneSimulator.Deploy.0 = Debug|Any CPU
		{5951C79C-7D40-40F9-9D53-C762CC56A368}.Release|Any CPU.ActiveCfg = Release|Any CPU
		{5951C79C-7D40-40F9-9D53-C762CC56A368}.Release|Any CPU.Build.0 = Release|Any CPU
		{5951C79C-7D40-40F9-9D53-C762CC56A368}.Release|Any CPU.Deploy.0 = Release|Any CPU
		{5951C79C-7D40-40F9-9D53-C762CC56A368}.Release|iPhone.ActiveCfg = Release|Any CPU
		{5951C79C-7D40-40F9-9D53-C762CC56A368}.Release|iPhone.Build.0 = Release|Any CPU
		{5951C79C-7D40-40F9-9D53-C762CC56A368}.Release|iPhone.Deploy.0 = Release|Any CPU
		{5951C79C-7D40-40F9-9D53-C762CC56A368}.Release|iPhoneSimulator.ActiveCfg = Release|Any CPU
		{5951C79C-7D40-40F9-9D53-C762CC56A368}.Release|iPhoneSimulator.Build.0 = Release|Any CPU
		{5951C79C-7D40-40F9-9D53-C762CC56A368}.Release|iPhoneSimulator.Deploy.0 = Release|Any CPU
		{4A3945FF-74AE-4C59-A81F-7CBC10086991}.Debug|Any CPU.ActiveCfg = Debug|iPhone
		{4A3945FF-74AE-4C59-A81F-7CBC10086991}.Debug|Any CPU.Build.0 = Debug|iPhone
		{4A3945FF-74AE-4C59-A81F-7CBC10086991}.Debug|Any CPU.Deploy.0 = Debug|iPhone
		{4A3945FF-74AE-4C59-A81F-7CBC10086991}.Debug|iPhone.ActiveCfg = Debug|iPhone
		{4A3945FF-74AE-4C59-A81F-7CBC10086991}.Debug|iPhone.Build.0 = Debug|iPhone
		{4A3945FF-74AE-4C59-A81F-7CBC10086991}.Debug|iPhone.Deploy.0 = Debug|iPhone
		{4A3945FF-74AE-4C59-A81F-7CBC10086991}.Debug|iPhoneSimulator.ActiveCfg = Debug|iPhoneSimulator
		{4A3945FF-74AE-4C59-A81F-7CBC10086991}.Debug|iPhoneSimulator.Build.0 = Debug|iPhoneSimulator
		{4A3945FF-74AE-4C59-A81F-7CBC10086991}.Debug|iPhoneSimulator.Deploy.0 = Debug|iPhoneSimulator
		{4A3945FF-74AE-4C59-A81F-7CBC10086991}.Release|Any CPU.ActiveCfg = Release|iPhoneSimulator
		{4A3945FF-74AE-4C59-A81F-7CBC10086991}.Release|Any CPU.Build.0 = Release|iPhoneSimulator
		{4A3945FF-74AE-4C59-A81F-7CBC10086991}.Release|Any CPU.Deploy.0 = Release|iPhoneSimulator
		{4A3945FF-74AE-4C59-A81F-7CBC10086991}.Release|iPhone.ActiveCfg = Release|iPhone
		{4A3945FF-74AE-4C59-A81F-7CBC10086991}.Release|iPhone.Build.0 = Release|iPhone
		{4A3945FF-74AE-4C59-A81F-7CBC10086991}.Release|iPhone.Deploy.0 = Release|iPhone
		{4A3945FF-74AE-4C59-A81F-7CBC10086991}.Release|iPhoneSimulator.ActiveCfg = Release|iPhoneSimulator
		{4A3945FF-74AE-4C59-A81F-7CBC10086991}.Release|iPhoneSimulator.Build.0 = Release|iPhoneSimulator
		{4A3945FF-74AE-4C59-A81F-7CBC10086991}.Release|iPhoneSimulator.Deploy.0 = Release|iPhoneSimulator
		{EF95444D-824F-48B4-A096-3C30FF131B7B}.Debug|Any CPU.ActiveCfg = Debug|Any CPU
		{EF95444D-824F-48B4-A096-3C30FF131B7B}.Debug|Any CPU.Build.0 = Debug|Any CPU
		{EF95444D-824F-48B4-A096-3C30FF131B7B}.Debug|Any CPU.Deploy.0 = Debug|Any CPU
		{EF95444D-824F-48B4-A096-3C30FF131B7B}.Debug|iPhone.ActiveCfg = Debug|Any CPU
		{EF95444D-824F-48B4-A096-3C30FF131B7B}.Debug|iPhone.Build.0 = Debug|Any CPU
		{EF95444D-824F-48B4-A096-3C30FF131B7B}.Debug|iPhone.Deploy.0 = Debug|Any CPU
		{EF95444D-824F-48B4-A096-3C30FF131B7B}.Debug|iPhoneSimulator.ActiveCfg = Debug|Any CPU
		{EF95444D-824F-48B4-A096-3C30FF131B7B}.Debug|iPhoneSimulator.Build.0 = Debug|Any CPU
		{EF95444D-824F-48B4-A096-3C30FF131B7B}.Debug|iPhoneSimulator.Deploy.0 = Debug|Any CPU
		{EF95444D-824F-48B4-A096-3C30FF131B7B}.Release|Any CPU.ActiveCfg = Release|Any CPU
		{EF95444D-824F-48B4-A096-3C30FF131B7B}.Release|Any CPU.Build.0 = Release|Any CPU
		{EF95444D-824F-48B4-A096-3C30FF131B7B}.Release|Any CPU.Deploy.0 = Release|Any CPU
		{EF95444D-824F-48B4-A096-3C30FF131B7B}.Release|iPhone.ActiveCfg = Release|Any CPU
		{EF95444D-824F-48B4-A096-3C30FF131B7B}.Release|iPhone.Build.0 = Release|Any CPU
		{EF95444D-824F-48B4-A096-3C30FF131B7B}.Release|iPhone.Deploy.0 = Release|Any CPU
		{EF95444D-824F-48B4-A096-3C30FF131B7B}.Release|iPhoneSimulator.ActiveCfg = Release|Any CPU
		{EF95444D-824F-48B4-A096-3C30FF131B7B}.Release|iPhoneSimulator.Build.0 = Release|Any CPU
		{EF95444D-824F-48B4-A096-3C30FF131B7B}.Release|iPhoneSimulator.Deploy.0 = Release|Any CPU
	EndGlobalSection
	GlobalSection(SolutionProperties) = preSolution
		HideSolutionNode = FALSE
	EndGlobalSection
	GlobalSection(ExtensibilityGlobals) = postSolution
		SolutionGuid = {4EF47E1D-3F70-4C88-9E02-2158E30BFC3C}
	EndGlobalSection
EndGlobal
